
Microsoft Visual Studio Solution File, Format Version 12.00
# Visual Studio Version 17
VisualStudioVersion = 17.14.36109.1
MinimumVisualStudioVersion = 10.0.40219.1
Project("{2150E333-8FDC-42A3-9474-1A3956D46DE8}") = "AuthService", "AuthService", "{02EA681E-C7D8-13C7-8484-4AC65E1B71E8}"
EndProject
Project("{FAE04EC0-301F-11D3-BF4B-00C04F79EFBC}") = "AuthService.API", "AuthService.API\AuthService.API.csproj", "{1FD40533-0A4F-4B10-AA60-B49FA1916CFC}"
EndProject
Project("{2150E333-8FDC-42A3-9474-1A3956D46DE8}") = "CatalogService", "CatalogService", "{8748FE3B-F3F8-4587-ADAE-424F8A4E2B83}"
EndProject
Project("{FAE04EC0-301F-11D3-BF4B-00C04F79EFBC}") = "CatalogService.API", "CatalogService.API\CatalogService.API.csproj", "{68B802A5-62D1-4597-B21C-738AA242AD9D}"
EndProject
Project("{2150E333-8FDC-42A3-9474-1A3956D46DE8}") = "BasketService", "BasketService", "{85D74F40-DE0F-47C8-992C-D343A64E23D3}"
EndProject
Project("{FAE04EC0-301F-11D3-BF4B-00C04F79EFBC}") = "BasketService.API", "BasketService.API\BasketService.API.csproj", "{B09A1DD5-9122-4E0D-9A3C-3C30A47723B6}"
EndProject
Project("{2150E333-8FDC-42A3-9474-1A3956D46DE8}") = "Blocks", "Blocks", "{9DFE5B89-4941-41C6-BE59-75EED67BF298}"
EndProject
Project("{FAE04EC0-301F-11D3-BF4B-00C04F79EFBC}") = "BuildingBlocks", "BuildingBlocks\BuildingBlocks.csproj", "{D3E5527F-6E3D-47C5-8398-FE96DD065222}"
EndProject
Project("{2150E333-8FDC-42A3-9474-1A3956D46DE8}") = "OrderService", "OrderService", "{7C6E152C-B20A-418C-9001-AB2EC06EA82B}"
EndProject
Project("{FAE04EC0-301F-11D3-BF4B-00C04F79EFBC}") = "OrderService.API", "OrderService.API\OrderService.API.csproj", "{E0760B8E-385C-4207-85BE-43BB4D59976E}"
EndProject
Project("{FAE04EC0-301F-11D3-BF4B-00C04F79EFBC}") = "BuildingBlocks.Contracts", "BuildingBlocks.Contracts\BuildingBlocks.Contracts.csproj", "{1207F47D-FE6D-43B9-AD65-452BD6265F9F}"
EndProject
Project("{2150E333-8FDC-42A3-9474-1A3956D46DE8}") = "NotificationService", "NotificationService", "{BCC294A5-FC0E-4468-8882-6C514E7FFEE8}"
EndProject
Project("{FAE04EC0-301F-11D3-BF4B-00C04F79EFBC}") = "NotificationService.API", "NotificationService.API\NotificationService.API.csproj", "{A7EBE4D8-A388-4A52-8198-0BB291F9AEF9}"
EndProject
Project("{2150E333-8FDC-42A3-9474-1A3956D46DE8}") = "InventoryService", "InventoryService", "{9EA111E1-5227-4926-8240-820FA6CBA755}"
EndProject
Project("{FAE04EC0-301F-11D3-BF4B-00C04F79EFBC}") = "InventoryService.API", "InventoryService.API\InventoryService.API.csproj", "{BBF68679-1041-490F-84F8-FACD9F176E63}"
EndProject
Project("{2150E333-8FDC-42A3-9474-1A3956D46DE8}") = "Tests", "Tests", "{41203D89-9FBA-46ED-9D84-47BAE22D77EA}"
EndProject
Project("{FAE04EC0-301F-11D3-BF4B-00C04F79EFBC}") = "OrderService.IntegrationTests", "OrderService.IntegrationTests\OrderService.IntegrationTests.csproj", "{3DBE680E-0E0F-494A-B9BE-DC1B25DF08B6}"
EndProject
Global
	GlobalSection(SolutionConfigurationPlatforms) = preSolution
		Debug|Any CPU = Debug|Any CPU
		Release|Any CPU = Release|Any CPU
	EndGlobalSection
	GlobalSection(ProjectConfigurationPlatforms) = postSolution
		{1FD40533-0A4F-4B10-AA60-B49FA1916CFC}.Debug|Any CPU.ActiveCfg = Debug|Any CPU
		{1FD40533-0A4F-4B10-AA60-B49FA1916CFC}.Debug|Any CPU.Build.0 = Debug|Any CPU
		{1FD40533-0A4F-4B10-AA60-B49FA1916CFC}.Release|Any CPU.ActiveCfg = Release|Any CPU
		{1FD40533-0A4F-4B10-AA60-B49FA1916CFC}.Release|Any CPU.Build.0 = Release|Any CPU
		{68B802A5-62D1-4597-B21C-738AA242AD9D}.Debug|Any CPU.ActiveCfg = Debug|Any CPU
		{68B802A5-62D1-4597-B21C-738AA242AD9D}.Debug|Any CPU.Build.0 = Debug|Any CPU
		{68B802A5-62D1-4597-B21C-738AA242AD9D}.Release|Any CPU.ActiveCfg = Release|Any CPU
		{68B802A5-62D1-4597-B21C-738AA242AD9D}.Release|Any CPU.Build.0 = Release|Any CPU
		{B09A1DD5-9122-4E0D-9A3C-3C30A47723B6}.Debug|Any CPU.ActiveCfg = Debug|Any CPU
		{B09A1DD5-9122-4E0D-9A3C-3C30A47723B6}.Debug|Any CPU.Build.0 = Debug|Any CPU
		{B09A1DD5-9122-4E0D-9A3C-3C30A47723B6}.Release|Any CPU.ActiveCfg = Release|Any CPU
		{B09A1DD5-9122-4E0D-9A3C-3C30A47723B6}.Release|Any CPU.Build.0 = Release|Any CPU
		{D3E5527F-6E3D-47C5-8398-FE96DD065222}.Debug|Any CPU.ActiveCfg = Debug|Any CPU
		{D3E5527F-6E3D-47C5-8398-FE96DD065222}.Debug|Any CPU.Build.0 = Debug|Any CPU
		{D3E5527F-6E3D-47C5-8398-FE96DD065222}.Release|Any CPU.ActiveCfg = Release|Any CPU
		{D3E5527F-6E3D-47C5-8398-FE96DD065222}.Release|Any CPU.Build.0 = Release|Any CPU
		{E0760B8E-385C-4207-85BE-43BB4D59976E}.Debug|Any CPU.ActiveCfg = Debug|Any CPU
		{E0760B8E-385C-4207-85BE-43BB4D59976E}.Debug|Any CPU.Build.0 = Debug|Any CPU
		{E0760B8E-385C-4207-85BE-43BB4D59976E}.Release|Any CPU.ActiveCfg = Release|Any CPU
		{E0760B8E-385C-4207-85BE-43BB4D59976E}.Release|Any CPU.Build.0 = Release|Any CPU
		{1207F47D-FE6D-43B9-AD65-452BD6265F9F}.Debug|Any CPU.ActiveCfg = Debug|Any CPU
		{1207F47D-FE6D-43B9-AD65-452BD6265F9F}.Debug|Any CPU.Build.0 = Debug|Any CPU
		{1207F47D-FE6D-43B9-AD65-452BD6265F9F}.Release|Any CPU.ActiveCfg = Release|Any CPU
		{1207F47D-FE6D-43B9-AD65-452BD6265F9F}.Release|Any CPU.Build.0 = Release|Any CPU
		{A7EBE4D8-A388-4A52-8198-0BB291F9AEF9}.Debug|Any CPU.ActiveCfg = Debug|Any CPU
		{A7EBE4D8-A388-4A52-8198-0BB291F9AEF9}.Debug|Any CPU.Build.0 = Debug|Any CPU
		{A7EBE4D8-A388-4A52-8198-0BB291F9AEF9}.Release|Any CPU.ActiveCfg = Release|Any CPU
		{A7EBE4D8-A388-4A52-8198-0BB291F9AEF9}.Release|Any CPU.Build.0 = Release|Any CPU
		{BBF68679-1041-490F-84F8-FACD9F176E63}.Debug|Any CPU.ActiveCfg = Debug|Any CPU
		{BBF68679-1041-490F-84F8-FACD9F176E63}.Debug|Any CPU.Build.0 = Debug|Any CPU
		{BBF68679-1041-490F-84F8-FACD9F176E63}.Release|Any CPU.ActiveCfg = Release|Any CPU
		{BBF68679-1041-490F-84F8-FACD9F176E63}.Release|Any CPU.Build.0 = Release|Any CPU
		{3DBE680E-0E0F-494A-B9BE-DC1B25DF08B6}.Debug|Any CPU.ActiveCfg = Debug|Any CPU
		{3DBE680E-0E0F-494A-B9BE-DC1B25DF08B6}.Debug|Any CPU.Build.0 = Debug|Any CPU
		{3DBE680E-0E0F-494A-B9BE-DC1B25DF08B6}.Release|Any CPU.ActiveCfg = Release|Any CPU
		{3DBE680E-0E0F-494A-B9BE-DC1B25DF08B6}.Release|Any CPU.Build.0 = Release|Any CPU
	EndGlobalSection
	GlobalSection(SolutionProperties) = preSolution
		HideSolutionNode = FALSE
	EndGlobalSection
	GlobalSection(NestedProjects) = preSolution
		{1FD40533-0A4F-4B10-AA60-B49FA1916CFC} = {02EA681E-C7D8-13C7-8484-4AC65E1B71E8}
		{68B802A5-62D1-4597-B21C-738AA242AD9D} = {8748FE3B-F3F8-4587-ADAE-424F8A4E2B83}
		{B09A1DD5-9122-4E0D-9A3C-3C30A47723B6} = {85D74F40-DE0F-47C8-992C-D343A64E23D3}
		{D3E5527F-6E3D-47C5-8398-FE96DD065222} = {9DFE5B89-4941-41C6-BE59-75EED67BF298}
		{E0760B8E-385C-4207-85BE-43BB4D59976E} = {7C6E152C-B20A-418C-9001-AB2EC06EA82B}
		{A7EBE4D8-A388-4A52-8198-0BB291F9AEF9} = {BCC294A5-FC0E-4468-8882-6C514E7FFEE8}
		{BBF68679-1041-490F-84F8-FACD9F176E63} = {9EA111E1-5227-4926-8240-820FA6CBA755}
		{3DBE680E-0E0F-494A-B9BE-DC1B25DF08B6} = {41203D89-9FBA-46ED-9D84-47BAE22D77EA}
	EndGlobalSection
	GlobalSection(ExtensibilityGlobals) = postSolution
		SolutionGuid = {A43F2191-A4BD-429F-A80C-C0203A11CA4B}
	EndGlobalSection
EndGlobal
